
Microsoft Visual Studio Solution File, Format Version 12.00
# Visual Studio Version 16
VisualStudioVersion = 16.0.30128.74
MinimumVisualStudioVersion = 10.0.40219.1
Project("{FAE04EC0-301F-11D3-BF4B-00C04F79EFBC}") = "OrbitModel", "OrbitModel\OrbitModel.csproj", "{1A3CD2BA-AAFC-4F85-863E-E3C6CDFB4333}"
EndProject
Global
	GlobalSection(SolutionConfigurationPlatforms) = preSolution
		Debug|Any CPU = Debug|Any CPU
		Release|Any CPU = Release|Any CPU
	EndGlobalSection
	GlobalSection(ProjectConfigurationPlatforms) = postSolution
		{1A3CD2BA-AAFC-4F85-863E-E3C6CDFB4333}.Debug|Any CPU.ActiveCfg = Debug|Any CPU
		{1A3CD2BA-AAFC-4F85-863E-E3C6CDFB4333}.Debug|Any CPU.Build.0 = Debug|Any CPU
		{1A3CD2BA-AAFC-4F85-863E-E3C6CDFB4333}.Release|Any CPU.ActiveCfg = Release|Any CPU
		{1A3CD2BA-AAFC-4F85-863E-E3C6CDFB4333}.Release|Any CPU.Build.0 = Release|Any CPU
	EndGlobalSection
	GlobalSection(SolutionProperties) = preSolution
		HideSolutionNode = FALSE
	EndGlobalSection
	GlobalSection(ExtensibilityGlobals) = postSolution
		SolutionGuid = {4E3A54F0-E3F3-40E3-824B-210DE2579C41}
	EndGlobalSection
EndGlobal
